
Microsoft Visual Studio Solution File, Format Version 12.00
# Visual Studio Version 17
VisualStudioVersion = 17.14.36221.1 d17.14
MinimumVisualStudioVersion = 10.0.40219.1
Project("{FAE04EC0-301F-11D3-BF4B-00C04F79EFBC}") = "PizzaOrderingSystem", "PizzaOrderingSystem\PizzaOrderingSystem.csproj", "{4541A241-2132-40D1-98E0-01A199749E50}"
EndProject
Global
	GlobalSection(SolutionConfigurationPlatforms) = preSolution
		Debug|Any CPU = Debug|Any CPU
		Release|Any CPU = Release|Any CPU
	EndGlobalSection
	GlobalSection(ProjectConfigurationPlatforms) = postSolution
		{4541A241-2132-40D1-98E0-01A199749E50}.Debug|Any CPU.ActiveCfg = Debug|Any CPU
		{4541A241-2132-40D1-98E0-01A199749E50}.Debug|Any CPU.Build.0 = Debug|Any CPU
		{4541A241-2132-40D1-98E0-01A199749E50}.Release|Any CPU.ActiveCfg = Release|Any CPU
		{4541A241-2132-40D1-98E0-01A199749E50}.Release|Any CPU.Build.0 = Release|Any CPU
	EndGlobalSection
	GlobalSection(SolutionProperties) = preSolution
		HideSolutionNode = FALSE
	EndGlobalSection
	GlobalSection(ExtensibilityGlobals) = postSolution
		SolutionGuid = {52AD9A9D-B34F-4B04-9A92-A007D47521E3}
	EndGlobalSection
EndGlobal
